# This file is generated by running "yarn install" inside your project.
# Manual changes might be lost - proceed with caution!

__metadata:
  version: 6
  cacheKey: 8

"@prisma/client@npm:^6.16.3":
  version: 6.16.3
  resolution: "@prisma/client@npm:6.16.3"
  peerDependencies:
    prisma: "*"
    typescript: ">=5.1.0"
  peerDependenciesMeta:
    prisma:
      optional: true
    typescript:
      optional: true
  checksum: 890c8c4cad31c19836f1fa06a1858e8a25e59d1f93bba15e3b4b4b1c1dce0f0b16c2308bb801f273f940c5d1df923d0b4ff7492a160a89e6164a316d198c5296
  languageName: node
  linkType: hard

"@types/node@npm:^24.6.2":
  version: 24.6.2
  resolution: "@types/node@npm:24.6.2"
  dependencies:
    undici-types: ~7.13.0
  checksum: 95766998060f005403a1aea198c2c472fd1d695cb9e7cebb62adb0e3aceb871ae1201e90577df31a7c1d6a2c2fadccbd9a9868f9014cb77ebd3232104de8f4fb
  languageName: node
  linkType: hard

"root-workspace-0b6124@workspace:.":
  version: 0.0.0-use.local
  resolution: "root-workspace-0b6124@workspace:."
  dependencies:
    "@prisma/client": ^6.16.3
    "@types/node": ^24.6.2
    turbo: ^2.5.8
  languageName: unknown
  linkType: soft

"turbo-darwin-64@npm:2.5.8":
  version: 2.5.8
  resolution: "turbo-darwin-64@npm:2.5.8"
  conditions: os=darwin & cpu=x64
  languageName: node
  linkType: hard

"turbo-darwin-arm64@npm:2.5.8":
  version: 2.5.8
  resolution: "turbo-darwin-arm64@npm:2.5.8"
  conditions: os=darwin & cpu=arm64
  languageName: node
  linkType: hard

"turbo-linux-64@npm:2.5.8":
  version: 2.5.8
  resolution: "turbo-linux-64@npm:2.5.8"
  conditions: os=linux & cpu=x64
  languageName: node
  linkType: hard

"turbo-linux-arm64@npm:2.5.8":
  version: 2.5.8
  resolution: "turbo-linux-arm64@npm:2.5.8"
  conditions: os=linux & cpu=arm64
  languageName: node
  linkType: hard

"turbo-windows-64@npm:2.5.8":
  version: 2.5.8
  resolution: "turbo-windows-64@npm:2.5.8"
  conditions: os=win32 & cpu=x64
  languageName: node
  linkType: hard

"turbo-windows-arm64@npm:2.5.8":
  version: 2.5.8
  resolution: "turbo-windows-arm64@npm:2.5.8"
  conditions: os=win32 & cpu=arm64
  languageName: node
  linkType: hard

"turbo@npm:^2.5.8":
  version: 2.5.8
  resolution: "turbo@npm:2.5.8"
  dependencies:
    turbo-darwin-64: 2.5.8
    turbo-darwin-arm64: 2.5.8
    turbo-linux-64: 2.5.8
    turbo-linux-arm64: 2.5.8
    turbo-windows-64: 2.5.8
    turbo-windows-arm64: 2.5.8
  dependenciesMeta:
    turbo-darwin-64:
      optional: true
    turbo-darwin-arm64:
      optional: true
    turbo-linux-64:
      optional: true
    turbo-linux-arm64:
      optional: true
    turbo-windows-64:
      optional: true
    turbo-windows-arm64:
      optional: true
  bin:
    turbo: bin/turbo
  checksum: f1d6d84e828f7f2d41ae7598507267c7ed8de22307507a304da8353ce4e47cf38c1c7c26e6249c1247ea7702eebd6c062b6fcf037c565b2a94417690956c8cb5
  languageName: node
  linkType: hard

"undici-types@npm:~7.13.0":
  version: 7.13.0
  resolution: "undici-types@npm:7.13.0"
  checksum: fcb3e1195a36615fce3935eb97c21ebe4dbafe968f831ed00e6f22e8e73c0655b8e3242acc6ba4ff0f3c34e3f3f860f19fbb59c00b261bd4e20b515abbc2de7c
  languageName: node
  linkType: hard
