# THIS IS AN AUTOGENERATED FILE. DO NOT EDIT THIS FILE DIRECTLY.
# yarn lockfile v1


turbo-darwin-64@2.5.8:
  version "2.5.8"
  resolved "https://registry.yarnpkg.com/turbo-darwin-64/-/turbo-darwin-64-2.5.8.tgz#9c4c09374bce747ed7b26f5cdc156fdfb3583e9d"
  integrity sha512-Dh5bCACiHO8rUXZLpKw+m3FiHtAp2CkanSyJre+SInEvEr5kIxjGvCK/8MFX8SFRjQuhjtvpIvYYZJB4AGCxNQ==

turbo-darwin-arm64@2.5.8:
  version "2.5.8"
  resolved "https://registry.yarnpkg.com/turbo-darwin-arm64/-/turbo-darwin-arm64-2.5.8.tgz#c2c5a2eeac913a9a10f0027826392a261532eaff"
  integrity sha512-f1H/tQC9px7+hmXn6Kx/w8Jd/FneIUnvLlcI/7RGHunxfOkKJKvsoiNzySkoHQ8uq1pJnhJ0xNGTlYM48ZaJOQ==

turbo-linux-64@2.5.8:
  version "2.5.8"
  resolved "https://registry.yarnpkg.com/turbo-linux-64/-/turbo-linux-64-2.5.8.tgz#a5f22e8436907c84a058c46a9a3e4b1ed03f2ab9"
  integrity sha512-hMyvc7w7yadBlZBGl/bnR6O+dJTx3XkTeyTTH4zEjERO6ChEs0SrN8jTFj1lueNXKIHh1SnALmy6VctKMGnWfw==

turbo-linux-arm64@2.5.8:
  version "2.5.8"
  resolved "https://registry.yarnpkg.com/turbo-linux-arm64/-/turbo-linux-arm64-2.5.8.tgz#5c49aed3c2de4c9482d14545809ca559257d4493"
  integrity sha512-LQELGa7bAqV2f+3rTMRPnj5G/OHAe2U+0N9BwsZvfMvHSUbsQ3bBMWdSQaYNicok7wOZcHjz2TkESn1hYK6xIQ==

turbo-windows-64@2.5.8:
  version "2.5.8"
  resolved "https://registry.yarnpkg.com/turbo-windows-64/-/turbo-windows-64-2.5.8.tgz#c9042bc181b732e5a1ab824d6549ad7d358594f5"
  integrity sha512-3YdcaW34TrN1AWwqgYL9gUqmZsMT4T7g8Y5Azz+uwwEJW+4sgcJkIi9pYFyU4ZBSjBvkfuPZkGgfStir5BBDJQ==

turbo-windows-arm64@2.5.8:
  version "2.5.8"
  resolved "https://registry.yarnpkg.com/turbo-windows-arm64/-/turbo-windows-arm64-2.5.8.tgz#d252d3924412d8590d58830e5d4b5f05def81af3"
  integrity sha512-eFC5XzLmgXJfnAK3UMTmVECCwuBcORrWdewoiXBnUm934DY6QN8YowC/srhNnROMpaKaqNeRpoB5FxCww3eteQ==

turbo@^2.5.8:
  version "2.5.8"
  resolved "https://registry.yarnpkg.com/turbo/-/turbo-2.5.8.tgz#f6b911bc487653028d32e05eb507b266b85ce6c1"
  integrity sha512-5c9Fdsr9qfpT3hA0EyYSFRZj1dVVsb6KIWubA9JBYZ/9ZEAijgUEae0BBR/Xl/wekt4w65/lYLTFaP3JmwSO8w==
  optionalDependencies:
    turbo-darwin-64 "2.5.8"
    turbo-darwin-arm64 "2.5.8"
    turbo-linux-64 "2.5.8"
    turbo-linux-arm64 "2.5.8"
    turbo-windows-64 "2.5.8"
    turbo-windows-arm64 "2.5.8"
